<?xml version="1.0" encoding="utf-8"?>
<Project ToolsVersion="4.0" xmlns="http://schemas.microsoft.com/developer/msbuild/2003">
  <ItemGroup>
    <Filter Include="Source Files">
      <UniqueIdentifier>{4FC737F1-C7A5-4376-A066-2A32D752A2FF}</UniqueIdentifier>
      <Extensions>cpp;c;cxx;def;odl;idl;hpj;bat;asm;asmx</Extensions>
    </Filter>
    <Filter Include="Header Files">
      <UniqueIdentifier>{93995380-89BD-4b04-88EB-625FBE52EBFB}</UniqueIdentifier>
      <Extensions>h;hpp;hxx;hm;inl;inc;xsd</Extensions>
    </Filter>
    <Filter Include="_BUILD">
      <UniqueIdentifier>{91308a65-7f47-49ad-95f9-5ecb52b0e5e0}</UniqueIdentifier>
    </Filter>
    <Filter Include="Source Files\ModuLes">
      <UniqueIdentifier>{c0c82f45-ce46-44e4-af32-1dc38d8ac574}</UniqueIdentifier>
    </Filter>
    <Filter Include="Source Files\EngineFixes">
      <UniqueIdentifier>{0a05c524-2c3c-47b9-8538-efe7c9a9c06a}</UniqueIdentifier>
    </Filter>
    <Filter Include="Header Files\ModuLes">
      <UniqueIdentifier>{4b3a83e3-de42-40c0-b448-624e68f3cf2d}</UniqueIdentifier>
    </Filter>
    <Filter Include="Header Files\EngineFixes">
      <UniqueIdentifier>{67b27390-9bd7-441c-a841-d4d5731d843f}</UniqueIdentifier>
    </Filter>
    <Filter Include="Header Files\Misc">
      <UniqueIdentifier>{d1fddb50-99c3-49bd-a71a-3fa65463718a}</UniqueIdentifier>
    </Filter>
    <Filter Include="Source Files\Misc">
      <UniqueIdentifier>{09fd842c-4c3a-4f27-ada6-1350d26f2a4f}</UniqueIdentifier>
    </Filter>
    <Filter Include="Header Files\1.11b">
      <UniqueIdentifier>{f9933e56-ab82-46ef-830c-e4b0674d4682}</UniqueIdentifier>
    </Filter>
    <Filter Include="Header Files\1.13d">
      <UniqueIdentifier>{45f963ff-b898-4159-8b51-8c0da251d11c}</UniqueIdentifier>
    </Filter>
    <Filter Include="Source Files\Server">
      <UniqueIdentifier>{4c71baf8-1eda-40fc-81f2-8044c323f9a3}</UniqueIdentifier>
    </Filter>
    <Filter Include="Header Files\Server">
      <UniqueIdentifier>{60e0b5f4-5626-41af-a103-2815e56ca6c9}</UniqueIdentifier>
    </Filter>
    <Filter Include="_LIBS">
      <UniqueIdentifier>{390447ff-de8e-430e-8ef5-4caf7c2f0111}</UniqueIdentifier>
    </Filter>
    <Filter Include="_LIBS\inih">
      <UniqueIdentifier>{40f43865-6e13-46a9-a788-892a33610804}</UniqueIdentifier>
    </Filter>
  </ItemGroup>
  <ItemGroup>
    <ClCompile Include="D2Handlers.cpp">
      <Filter>Source Files</Filter>
    </ClCompile>
    <ClCompile Include="D2Stubs.cpp">
      <Filter>Source Files</Filter>
    </ClCompile>
    <ClCompile Include="LEvents.cpp">
      <Filter>Source Files\ModuLes</Filter>
    </ClCompile>
    <ClCompile Include="LItems.cpp">
      <Filter>Source Files\ModuLes</Filter>
    </ClCompile>
    <ClCompile Include="LMonsters.cpp">
      <Filter>Source Files\ModuLes</Filter>
    </ClCompile>
    <ClCompile Include="LQuests.cpp">
      <Filter>Source Files\ModuLes</Filter>
    </ClCompile>
    <ClCompile Include="LRoster.cpp">
      <Filter>Source Files\ModuLes</Filter>
    </ClCompile>
    <ClCompile Include="LWorldEvent.cpp">
      <Filter>Source Files\ModuLes</Filter>
    </ClCompile>
    <ClCompile Include="NodesEx.cpp">
      <Filter>Source Files\EngineFixes</Filter>
    </ClCompile>
    <ClCompile Include="PartyExp.cpp">
      <Filter>Source Files\EngineFixes</Filter>
    </ClCompile>
    <ClCompile Include="md5c.cpp">
      <Filter>Source Files\Misc</Filter>
    </ClCompile>
    <ClCompile Include="RC4.cpp">
      <Filter>Source Files\Misc</Filter>
    </ClCompile>
    <ClCompile Include="stdafx.cpp">
      <Filter>Source Files\Misc</Filter>
    </ClCompile>
    <ClCompile Include="LSpectator.cpp">
      <Filter>Source Files\ModuLes</Filter>
    </ClCompile>
    <ClCompile Include="Offset.cpp">
      <Filter>Source Files</Filter>
    </ClCompile>
    <ClCompile Include="D2Patches.cpp">
      <Filter>Source Files</Filter>
    </ClCompile>
    <ClCompile Include="Misc.cpp">
      <Filter>Source Files\Misc</Filter>
    </ClCompile>
    <ClCompile Include="LParty.cpp">
      <Filter>Source Files\ModuLes</Filter>
    </ClCompile>
    <ClCompile Include="LPackets.cpp">
      <Filter>Source Files\ModuLes</Filter>
    </ClCompile>
    <ClCompile Include="LCube.cpp">
      <Filter>Source Files\ModuLes</Filter>
    </ClCompile>
    <ClCompile Include="LUberQuest.cpp">
      <Filter>Source Files\ModuLes</Filter>
    </ClCompile>
    <ClCompile Include="MainLoop.cpp">
      <Filter>Source Files</Filter>
    </ClCompile>
    <ClCompile Include="Warden.cpp">
      <Filter>Source Files</Filter>
    </ClCompile>
    <ClCompile Include="WardenInit.cpp">
      <Filter>Source Files</Filter>
    </ClCompile>
    <ClCompile Include="WardenClient.cpp">
      <Filter>Source Files</Filter>
    </ClCompile>
    <ClCompile Include="LegacyFuncs.cpp">
      <Filter>Source Files\ModuLes</Filter>
    </ClCompile>
    <ClCompile Include="LServer.cpp">
      <Filter>Source Files\Server</Filter>
    </ClCompile>
    <ClCompile Include="inih\ini.c">
      <Filter>_LIBS\inih</Filter>
    </ClCompile>
    <ClCompile Include="inih\cpp\INIReader.cpp">
      <Filter>_LIBS\inih</Filter>
    </ClCompile>
    <ClCompile Include="LDamage.cpp">
      <Filter>Source Files\ModuLes</Filter>
    </ClCompile>
  </ItemGroup>
  <ItemGroup>
    <ClInclude Include="D2Handlers.h">
      <Filter>Header Files</Filter>
    </ClInclude>
    <ClInclude Include="D2Stubs.h">
      <Filter>Header Files</Filter>
    </ClInclude>
    <ClInclude Include="StatDumpThread.h">
      <Filter>Header Files</Filter>
    </ClInclude>
    <ClInclude Include="Build.h">
      <Filter>_BUILD</Filter>
    </ClInclude>
    <ClInclude Include="D2Consts.h">
      <Filter>Header Files</Filter>
    </ClInclude>
    <ClInclude Include="LEvents.h">
      <Filter>Header Files\ModuLes</Filter>
    </ClInclude>
    <ClInclude Include="LItems.h">
      <Filter>Header Files\ModuLes</Filter>
    </ClInclude>
    <ClInclude Include="LMonsters.h">
      <Filter>Header Files\ModuLes</Filter>
    </ClInclude>
    <ClInclude Include="LQuests.h">
      <Filter>Header Files\ModuLes</Filter>
    </ClInclude>
    <ClInclude Include="LRoster.h">
      <Filter>Header Files\ModuLes</Filter>
    </ClInclude>
    <ClInclude Include="LWorldEvent.h">
      <Filter>Header Files\ModuLes</Filter>
    </ClInclude>
    <ClInclude Include="NodesEx.h">
      <Filter>Header Files\EngineFixes</Filter>
    </ClInclude>
    <ClInclude Include="PartyExp.h">
      <Filter>Header Files\EngineFixes</Filter>
    </ClInclude>
    <ClInclude Include="global.h">
      <Filter>Header Files\Misc</Filter>
    </ClInclude>
    <ClInclude Include="introtate.h">
      <Filter>Header Files\Misc</Filter>
    </ClInclude>
    <ClInclude Include="md5.h">
      <Filter>Header Files\Misc</Filter>
    </ClInclude>
    <ClInclude Include="stdafx.h">
      <Filter>Header Files\Misc</Filter>
    </ClInclude>
    <ClInclude Include="RC4.h">
      <Filter>Header Files\Misc</Filter>
    </ClInclude>
    <ClInclude Include="LSpectator.h">
      <Filter>Header Files\ModuLes</Filter>
    </ClInclude>
    <ClInclude Include="Offset.h">
      <Filter>Header Files</Filter>
    </ClInclude>
    <ClInclude Include="WardenChecks.h">
      <Filter>Header Files</Filter>
    </ClInclude>
    <ClInclude Include="Misc.h">
      <Filter>Header Files\Misc</Filter>
    </ClInclude>
    <ClInclude Include="D2DataTables.h">
      <Filter>Header Files</Filter>
    </ClInclude>
    <ClInclude Include="D2Patches_111B.h">
      <Filter>Header Files\1.11b</Filter>
    </ClInclude>
    <ClInclude Include="D2Structs_111B.h">
      <Filter>Header Files\1.11b</Filter>
    </ClInclude>
    <ClInclude Include="D2Patches_113D.h">
      <Filter>Header Files\1.13d</Filter>
    </ClInclude>
    <ClInclude Include="D2Structs_113D.h">
      <Filter>Header Files\1.13d</Filter>
    </ClInclude>
    <ClInclude Include="ExPointers_113D.h">
      <Filter>Header Files\1.13d</Filter>
    </ClInclude>
    <ClInclude Include="ExPointers_111B.h">
      <Filter>Header Files\1.11b</Filter>
    </ClInclude>
    <ClInclude Include="CommonStructs.h">
      <Filter>Header Files</Filter>
    </ClInclude>
    <ClInclude Include="LParty.h">
      <Filter>Header Files\ModuLes</Filter>
    </ClInclude>
    <ClInclude Include="LPackets.h">
      <Filter>Header Files\ModuLes</Filter>
    </ClInclude>
    <ClInclude Include="LCube.h">
      <Filter>Header Files\ModuLes</Filter>
    </ClInclude>
    <ClInclude Include="LUberQuest.h">
      <Filter>Header Files\ModuLes</Filter>
    </ClInclude>
    <ClInclude Include="MainLoop.h">
      <Filter>Header Files</Filter>
    </ClInclude>
    <ClInclude Include="Warden.h">
      <Filter>Header Files</Filter>
    </ClInclude>
    <ClInclude Include="WardenClient.h">
      <Filter>Header Files</Filter>
    </ClInclude>
    <ClInclude Include="LegacyFuncs.h">
      <Filter>Header Files</Filter>
    </ClInclude>
    <ClInclude Include="LServer.h">
      <Filter>Header Files\Server</Filter>
    </ClInclude>
    <ClInclude Include="inih\ini.h">
      <Filter>_LIBS\inih</Filter>
    </ClInclude>
    <ClInclude Include="inih\cpp\INIReader.h">
      <Filter>_LIBS\inih</Filter>
    </ClInclude>
    <ClInclude Include="LDamage.h">
      <Filter>Header Files\ModuLes</Filter>
    </ClInclude>
  </ItemGroup>
  <ItemGroup>
    <CustomBuild Include="HashGameSeed.asm">
      <Filter>Source Files</Filter>
    </CustomBuild>
  </ItemGroup>
  <ItemGroup>
    <None Include="d2warden.def">
      <Filter>_BUILD</Filter>
    </None>
  </ItemGroup>
</Project>